
Microsoft Visual Studio Solution File, Format Version 12.00
# Visual Studio Version 16
VisualStudioVersion = 16.0.31624.102
MinimumVisualStudioVersion = 10.0.40219.1
Project("{9A19103F-16F7-4668-BE54-9A1E7A4F7556}") = "relojes-azure-functions.Common", "relojes-azure-functions.Common\relojes-azure-functions.Common.csproj", "{E8C6D94E-FBAA-453E-9E0D-418AA6073DB7}"
EndProject
Project("{9A19103F-16F7-4668-BE54-9A1E7A4F7556}") = "relojes-azure-functions.Functions", "relojes-azure-functions.Functions\relojes-azure-functions.Functions.csproj", "{B9818C7E-E7BF-4004-AC3B-BF6FE7544F7D}"
EndProject
Project("{9A19103F-16F7-4668-BE54-9A1E7A4F7556}") = "relojes-azure-functions.Tests", "relojes-azure-functions.Tests\relojes-azure-functions.Tests.csproj", "{E727CFD2-77D5-4412-A34C-4666A1B939CB}"
EndProject
Global
	GlobalSection(SolutionConfigurationPlatforms) = preSolution
		Debug|Any CPU = Debug|Any CPU
		Release|Any CPU = Release|Any CPU
	EndGlobalSection
	GlobalSection(ProjectConfigurationPlatforms) = postSolution
		{E8C6D94E-FBAA-453E-9E0D-418AA6073DB7}.Debug|Any CPU.ActiveCfg = Debug|Any CPU
		{E8C6D94E-FBAA-453E-9E0D-418AA6073DB7}.Debug|Any CPU.Build.0 = Debug|Any CPU
		{E8C6D94E-FBAA-453E-9E0D-418AA6073DB7}.Release|Any CPU.ActiveCfg = Release|Any CPU
		{E8C6D94E-FBAA-453E-9E0D-418AA6073DB7}.Release|Any CPU.Build.0 = Release|Any CPU
		{B9818C7E-E7BF-4004-AC3B-BF6FE7544F7D}.Debug|Any CPU.ActiveCfg = Debug|Any CPU
		{B9818C7E-E7BF-4004-AC3B-BF6FE7544F7D}.Debug|Any CPU.Build.0 = Debug|Any CPU
		{B9818C7E-E7BF-4004-AC3B-BF6FE7544F7D}.Release|Any CPU.ActiveCfg = Release|Any CPU
		{B9818C7E-E7BF-4004-AC3B-BF6FE7544F7D}.Release|Any CPU.Build.0 = Release|Any CPU
		{E727CFD2-77D5-4412-A34C-4666A1B939CB}.Debug|Any CPU.ActiveCfg = Debug|Any CPU
		{E727CFD2-77D5-4412-A34C-4666A1B939CB}.Debug|Any CPU.Build.0 = Debug|Any CPU
		{E727CFD2-77D5-4412-A34C-4666A1B939CB}.Release|Any CPU.ActiveCfg = Release|Any CPU
		{E727CFD2-77D5-4412-A34C-4666A1B939CB}.Release|Any CPU.Build.0 = Release|Any CPU
	EndGlobalSection
	GlobalSection(SolutionProperties) = preSolution
		HideSolutionNode = FALSE
	EndGlobalSection
	GlobalSection(ExtensibilityGlobals) = postSolution
		SolutionGuid = {FD3CADAA-AE00-40A1-A084-0A61E689EB99}
	EndGlobalSection
EndGlobal
